// !$*UTF8*$!
{
	archiveVersion = 1;
	classes = {
	};
	objectVersion = 51;
	objects = {

/* Begin PBXBuildFile section */
		3362272925B8DB5400309F0D /* AppDelegate.swift in Sources */ = {isa = PBXBuildFile; fileRef = 3362272825B8DB5400309F0D /* AppDelegate.swift */; };
		3362272B25B8DB5400309F0D /* SceneDelegate.swift in Sources */ = {isa = PBXBuildFile; fileRef = 3362272A25B8DB5400309F0D /* SceneDelegate.swift */; };
		3362272D25B8DB5400309F0D /* ContainerVC.swift in Sources */ = {isa = PBXBuildFile; fileRef = 3362272C25B8DB5400309F0D /* ContainerVC.swift */; };
		3362273025B8DB5400309F0D /* Main.storyboard in Resources */ = {isa = PBXBuildFile; fileRef = 3362272E25B8DB5400309F0D /* Main.storyboard */; };
		3362273225B8DB5600309F0D /* Assets.xcassets in Resources */ = {isa = PBXBuildFile; fileRef = 3362273125B8DB5600309F0D /* Assets.xcassets */; };
		3362273525B8DB5600309F0D /* LaunchScreen.storyboard in Resources */ = {isa = PBXBuildFile; fileRef = 3362273325B8DB5600309F0D /* LaunchScreen.storyboard */; };
		3362274025B8DC8100309F0D /* AuthorizationVC.swift in Sources */ = {isa = PBXBuildFile; fileRef = 3362273F25B8DC8100309F0D /* AuthorizationVC.swift */; };
		3362274725B8DE3F00309F0D /* Extensions.swift in Sources */ = {isa = PBXBuildFile; fileRef = 3362274625B8DE3F00309F0D /* Extensions.swift */; };
		3362274C25B8DEAD00309F0D /* Constants.swift in Sources */ = {isa = PBXBuildFile; fileRef = 3362274B25B8DEAD00309F0D /* Constants.swift */; };
		3362275A25B8E4DA00309F0D /* Authorization.swift in Sources */ = {isa = PBXBuildFile; fileRef = 3362275925B8E4DA00309F0D /* Authorization.swift */; };
		3362275E25B8E69500309F0D /* Event.swift in Sources */ = {isa = PBXBuildFile; fileRef = 3362275D25B8E69500309F0D /* Event.swift */; };
		3362276125B8E72F00309F0D /* Decodables.swift in Sources */ = {isa = PBXBuildFile; fileRef = 3362276025B8E72F00309F0D /* Decodables.swift */; };
		3362276525B8F06000309F0D /* EventCell.swift in Sources */ = {isa = PBXBuildFile; fileRef = 3362276425B8F06000309F0D /* EventCell.swift */; };
		3362276925B8F6F300309F0D /* EventVC.swift in Sources */ = {isa = PBXBuildFile; fileRef = 3362276825B8F6F300309F0D /* EventVC.swift */; };
		DAB58BB63AA3CD1A2D3E79BF /* Pods_EventView.framework in Frameworks */ = {isa = PBXBuildFile; fileRef = 11FA1DD669DFD8BF0A2C637B /* Pods_EventView.framework */; };
/* End PBXBuildFile section */

/* Begin PBXFileReference section */
		11FA1DD669DFD8BF0A2C637B /* Pods_EventView.framework */ = {isa = PBXFileReference; explicitFileType = wrapper.framework; includeInIndex = 0; path = Pods_EventView.framework; sourceTree = BUILT_PRODUCTS_DIR; };
		3362272525B8DB5400309F0D /* EventView.app */ = {isa = PBXFileReference; explicitFileType = wrapper.application; includeInIndex = 0; path = EventView.app; sourceTree = BUILT_PRODUCTS_DIR; };
		3362272825B8DB5400309F0D /* AppDelegate.swift */ = {isa = PBXFileReference; lastKnownFileType = sourcecode.swift; path = AppDelegate.swift; sourceTree = "<group>"; };
		3362272A25B8DB5400309F0D /* SceneDelegate.swift */ = {isa = PBXFileReference; lastKnownFileType = sourcecode.swift; path = SceneDelegate.swift; sourceTree = "<group>"; };
		3362272C25B8DB5400309F0D /* ContainerVC.swift */ = {isa = PBXFileReference; lastKnownFileType = sourcecode.swift; path = ContainerVC.swift; sourceTree = "<group>"; };
		3362272F25B8DB5400309F0D /* Base */ = {isa = PBXFileReference; lastKnownFileType = file.storyboard; name = Base; path = Base.lproj/Main.storyboard; sourceTree = "<group>"; };
		3362273125B8DB5600309F0D /* Assets.xcassets */ = {isa = PBXFileReference; lastKnownFileType = folder.assetcatalog; path = Assets.xcassets; sourceTree = "<group>"; };
		3362273425B8DB5600309F0D /* Base */ = {isa = PBXFileReference; lastKnownFileType = file.storyboard; name = Base; path = Base.lproj/LaunchScreen.storyboard; sourceTree = "<group>"; };
		3362273625B8DB5600309F0D /* Info.plist */ = {isa = PBXFileReference; lastKnownFileType = text.plist.xml; path = Info.plist; sourceTree = "<group>"; };
		3362273F25B8DC8100309F0D /* AuthorizationVC.swift */ = {isa = PBXFileReference; lastKnownFileType = sourcecode.swift; path = AuthorizationVC.swift; sourceTree = "<group>"; };
		3362274625B8DE3F00309F0D /* Extensions.swift */ = {isa = PBXFileReference; lastKnownFileType = sourcecode.swift; path = Extensions.swift; sourceTree = "<group>"; };
		3362274B25B8DEAD00309F0D /* Constants.swift */ = {isa = PBXFileReference; lastKnownFileType = sourcecode.swift; path = Constants.swift; sourceTree = "<group>"; };
		3362275925B8E4DA00309F0D /* Authorization.swift */ = {isa = PBXFileReference; lastKnownFileType = sourcecode.swift; path = Authorization.swift; sourceTree = "<group>"; };
		3362275D25B8E69500309F0D /* Event.swift */ = {isa = PBXFileReference; lastKnownFileType = sourcecode.swift; path = Event.swift; sourceTree = "<group>"; };
		3362276025B8E72F00309F0D /* Decodables.swift */ = {isa = PBXFileReference; lastKnownFileType = sourcecode.swift; path = Decodables.swift; sourceTree = "<group>"; };
		3362276425B8F06000309F0D /* EventCell.swift */ = {isa = PBXFileReference; lastKnownFileType = sourcecode.swift; path = EventCell.swift; sourceTree = "<group>"; };
		3362276825B8F6F300309F0D /* EventVC.swift */ = {isa = PBXFileReference; lastKnownFileType = sourcecode.swift; path = EventVC.swift; sourceTree = "<group>"; };
		DF35BC9A8FF0E3FFC3C13635 /* Pods-EventView.release.xcconfig */ = {isa = PBXFileReference; includeInIndex = 1; lastKnownFileType = text.xcconfig; name = "Pods-EventView.release.xcconfig"; path = "Target Support Files/Pods-EventView/Pods-EventView.release.xcconfig"; sourceTree = "<group>"; };
		FF477B5C617FCB09A26E1B82 /* Pods-EventView.debug.xcconfig */ = {isa = PBXFileReference; includeInIndex = 1; lastKnownFileType = text.xcconfig; name = "Pods-EventView.debug.xcconfig"; path = "Target Support Files/Pods-EventView/Pods-EventView.debug.xcconfig"; sourceTree = "<group>"; };
/* End PBXFileReference section */

/* Begin PBXFrameworksBuildPhase section */
		3362272225B8DB5400309F0D /* Frameworks */ = {
			isa = PBXFrameworksBuildPhase;
			buildActionMask = 2147483647;
			files = (
				DAB58BB63AA3CD1A2D3E79BF /* Pods_EventView.framework in Frameworks */,
			);
			runOnlyForDeploymentPostprocessing = 0;
		};
/* End PBXFrameworksBuildPhase section */

/* Begin PBXGroup section */
		03F2C1AEB53024BD5465C15A /* Frameworks */ = {
			isa = PBXGroup;
			children = (
				11FA1DD669DFD8BF0A2C637B /* Pods_EventView.framework */,
			);
			name = Frameworks;
			sourceTree = "<group>";
		};
		3362271C25B8DB5400309F0D = {
			isa = PBXGroup;
			children = (
				3362272725B8DB5400309F0D /* EventView */,
				3362272625B8DB5400309F0D /* Products */,
				35C7A4B70C1DD8EB59A98612 /* Pods */,
				03F2C1AEB53024BD5465C15A /* Frameworks */,
			);
			sourceTree = "<group>";
		};
		3362272625B8DB5400309F0D /* Products */ = {
			isa = PBXGroup;
			children = (
				3362272525B8DB5400309F0D /* EventView.app */,
			);
			name = Products;
			sourceTree = "<group>";
		};
		3362272725B8DB5400309F0D /* EventView */ = {
			isa = PBXGroup;
			children = (
				3362276325B8F04100309F0D /* Views */,
				3362274A25B8DEA400309F0D /* Constants */,
				3362274525B8DE2F00309F0D /* API */,
				3362274425B8DE2900309F0D /* Models */,
				3362274325B8DE2400309F0D /* Extensions */,
				3362273E25B8DC4A00309F0D /* View Controllers */,
				3362272825B8DB5400309F0D /* AppDelegate.swift */,
				3362272A25B8DB5400309F0D /* SceneDelegate.swift */,
				3362272E25B8DB5400309F0D /* Main.storyboard */,
				3362273125B8DB5600309F0D /* Assets.xcassets */,
				3362273325B8DB5600309F0D /* LaunchScreen.storyboard */,
				3362273625B8DB5600309F0D /* Info.plist */,
			);
			path = EventView;
			sourceTree = "<group>";
		};
		3362273E25B8DC4A00309F0D /* View Controllers */ = {
			isa = PBXGroup;
			children = (
				3362272C25B8DB5400309F0D /* ContainerVC.swift */,
				3362273F25B8DC8100309F0D /* AuthorizationVC.swift */,
				3362276825B8F6F300309F0D /* EventVC.swift */,
			);
			path = "View Controllers";
			sourceTree = "<group>";
		};
		3362274325B8DE2400309F0D /* Extensions */ = {
			isa = PBXGroup;
			children = (
				3362274625B8DE3F00309F0D /* Extensions.swift */,
			);
			path = Extensions;
			sourceTree = "<group>";
		};
		3362274425B8DE2900309F0D /* Models */ = {
			isa = PBXGroup;
			children = (
				3362276025B8E72F00309F0D /* Decodables.swift */,
			);
			path = Models;
			sourceTree = "<group>";
		};
		3362274525B8DE2F00309F0D /* API */ = {
			isa = PBXGroup;
			children = (
				3362275925B8E4DA00309F0D /* Authorization.swift */,
				3362275D25B8E69500309F0D /* Event.swift */,
			);
			path = API;
			sourceTree = "<group>";
		};
		3362274A25B8DEA400309F0D /* Constants */ = {
			isa = PBXGroup;
			children = (
				3362274B25B8DEAD00309F0D /* Constants.swift */,
			);
			path = Constants;
			sourceTree = "<group>";
		};
		3362276325B8F04100309F0D /* Views */ = {
			isa = PBXGroup;
			children = (
				3362276425B8F06000309F0D /* EventCell.swift */,
			);
			path = Views;
			sourceTree = "<group>";
		};
		35C7A4B70C1DD8EB59A98612 /* Pods */ = {
			isa = PBXGroup;
			children = (
				FF477B5C617FCB09A26E1B82 /* Pods-EventView.debug.xcconfig */,
				DF35BC9A8FF0E3FFC3C13635 /* Pods-EventView.release.xcconfig */,
			);
			path = Pods;
			sourceTree = "<group>";
		};
/* End PBXGroup section */

/* Begin PBXNativeTarget section */
		3362272425B8DB5400309F0D /* EventView */ = {
			isa = PBXNativeTarget;
			buildConfigurationList = 3362273925B8DB5600309F0D /* Build configuration list for PBXNativeTarget "EventView" */;
			buildPhases = (
				4BDF7BEF024E04BD5C696DDD /* [CP] Check Pods Manifest.lock */,
				3362272125B8DB5400309F0D /* Sources */,
				3362272225B8DB5400309F0D /* Frameworks */,
				3362272325B8DB5400309F0D /* Resources */,
				01E146896086ECD1FD982F4E /* [CP] Embed Pods Frameworks */,
			);
			buildRules = (
			);
			dependencies = (
			);
			name = EventView;
			productName = EventView;
			productReference = 3362272525B8DB5400309F0D /* EventView.app */;
			productType = "com.apple.product-type.application";
		};
/* End PBXNativeTarget section */

/* Begin PBXProject section */
		3362271D25B8DB5400309F0D /* Project object */ = {
			isa = PBXProject;
			attributes = {
				LastSwiftUpdateCheck = 1230;
				LastUpgradeCheck = 1230;
				TargetAttributes = {
					3362272425B8DB5400309F0D = {
						CreatedOnToolsVersion = 12.3;
					};
				};
			};
			buildConfigurationList = 3362272025B8DB5400309F0D /* Build configuration list for PBXProject "EventView" */;
			compatibilityVersion = "Xcode 9.3";
			developmentRegion = en;
			hasScannedForEncodings = 0;
			knownRegions = (
				en,
				Base,
			);
			mainGroup = 3362271C25B8DB5400309F0D;
			productRefGroup = 3362272625B8DB5400309F0D /* Products */;
			projectDirPath = "";
			projectRoot = "";
			targets = (
				3362272425B8DB5400309F0D /* EventView */,
			);
		};
/* End PBXProject section */

/* Begin PBXResourcesBuildPhase section */
		3362272325B8DB5400309F0D /* Resources */ = {
			isa = PBXResourcesBuildPhase;
			buildActionMask = 2147483647;
			files = (
				3362273525B8DB5600309F0D /* LaunchScreen.storyboard in Resources */,
				3362273225B8DB5600309F0D /* Assets.xcassets in Resources */,
				3362273025B8DB5400309F0D /* Main.storyboard in Resources */,
			);
			runOnlyForDeploymentPostprocessing = 0;
		};
/* End PBXResourcesBuildPhase section */

/* Begin PBXShellScriptBuildPhase section */
		01E146896086ECD1FD982F4E /* [CP] Embed Pods Frameworks */ = {
			isa = PBXShellScriptBuildPhase;
			buildActionMask = 2147483647;
			files = (
			);
			inputFileListPaths = (
				"${PODS_ROOT}/Target Support Files/Pods-EventView/Pods-EventView-frameworks-${CONFIGURATION}-input-files.xcfilelist",
			);
			name = "[CP] Embed Pods Frameworks";
			outputFileListPaths = (
				"${PODS_ROOT}/Target Support Files/Pods-EventView/Pods-EventView-frameworks-${CONFIGURATION}-output-files.xcfilelist",
			);
			runOnlyForDeploymentPostprocessing = 0;
			shellPath = /bin/sh;
			shellScript = "\"${PODS_ROOT}/Target Support Files/Pods-EventView/Pods-EventView-frameworks.sh\"\n";
			showEnvVarsInLog = 0;
		};
		4BDF7BEF024E04BD5C696DDD /* [CP] Check Pods Manifest.lock */ = {
			isa = PBXShellScriptBuildPhase;
			buildActionMask = 2147483647;
			files = (
			);
			inputFileListPaths = (
			);
			inputPaths = (
				"${PODS_PODFILE_DIR_PATH}/Podfile.lock",
				"${PODS_ROOT}/Manifest.lock",
			);
			name = "[CP] Check Pods Manifest.lock";
			outputFileListPaths = (
			);
			outputPaths = (
				"$(DERIVED_FILE_DIR)/Pods-EventView-checkManifestLockResult.txt",
			);
			runOnlyForDeploymentPostprocessing = 0;
			shellPath = /bin/sh;
			shellScript = "diff \"${PODS_PODFILE_DIR_PATH}/Podfile.lock\" \"${PODS_ROOT}/Manifest.lock\" > /dev/null\nif [ $? != 0 ] ; then\n    # print error to STDERR\n    echo \"error: The sandbox is not in sync with the Podfile.lock. Run 'pod install' or update your CocoaPods installation.\" >&2\n    exit 1\nfi\n# This output is used by Xcode 'outputs' to avoid re-running this script phase.\necho \"SUCCESS\" > \"${SCRIPT_OUTPUT_FILE_0}\"\n";
			showEnvVarsInLog = 0;
		};
/* End PBXShellScriptBuildPhase section */

/* Begin PBXSourcesBuildPhase section */
		3362272125B8DB5400309F0D /* Sources */ = {
			isa = PBXSourcesBuildPhase;
			buildActionMask = 2147483647;
			files = (
				3362275E25B8E69500309F0D /* Event.swift in Sources */,
				3362276125B8E72F00309F0D /* Decodables.swift in Sources */,
				3362276525B8F06000309F0D /* EventCell.swift in Sources */,
				3362274725B8DE3F00309F0D /* Extensions.swift in Sources */,
				3362274C25B8DEAD00309F0D /* Constants.swift in Sources */,
				3362272D25B8DB5400309F0D /* ContainerVC.swift in Sources */,
				3362272925B8DB5400309F0D /* AppDelegate.swift in Sources */,
				3362274025B8DC8100309F0D /* AuthorizationVC.swift in Sources */,
				3362275A25B8E4DA00309F0D /* Authorization.swift in Sources */,
				3362272B25B8DB5400309F0D /* SceneDelegate.swift in Sources */,
				3362276925B8F6F300309F0D /* EventVC.swift in Sources */,
			);
			runOnlyForDeploymentPostprocessing = 0;
		};
/* End PBXSourcesBuildPhase section */

/* Begin PBXVariantGroup section */
		3362272E25B8DB5400309F0D /* Main.storyboard */ = {
			isa = PBXVariantGroup;
			children = (
				3362272F25B8DB5400309F0D /* Base */,
			);
			name = Main.storyboard;
			sourceTree = "<group>";
		};
		3362273325B8DB5600309F0D /* LaunchScreen.storyboard */ = {
			isa = PBXVariantGroup;
			children = (
				3362273425B8DB5600309F0D /* Base */,
			);
			name = LaunchScreen.storyboard;
			sourceTree = "<group>";
		};
/* End PBXVariantGroup section */

/* Begin XCBuildConfiguration section */
		3362273725B8DB5600309F0D /* Debug */ = {
			isa = XCBuildConfiguration;
			buildSettings = {
				ALWAYS_SEARCH_USER_PATHS = NO;
				CLANG_ANALYZER_NONNULL = YES;
				CLANG_ANALYZER_NUMBER_OBJECT_CONVERSION = YES_AGGRESSIVE;
				CLANG_CXX_LANGUAGE_STANDARD = "gnu++14";
				CLANG_CXX_LIBRARY = "libc++";
				CLANG_ENABLE_MODULES = YES;
				CLANG_ENABLE_OBJC_ARC = YES;
				CLANG_ENABLE_OBJC_WEAK = YES;
				CLANG_WARN_BLOCK_CAPTURE_AUTORELEASING = YES;
				CLANG_WARN_BOOL_CONVERSION = YES;
				CLANG_WARN_COMMA = YES;
				CLANG_WARN_CONSTANT_CONVERSION = YES;
				CLANG_WARN_DEPRECATED_OBJC_IMPLEMENTATIONS = YES;
				CLANG_WARN_DIRECT_OBJC_ISA_USAGE = YES_ERROR;
				CLANG_WARN_DOCUMENTATION_COMMENTS = YES;
				CLANG_WARN_EMPTY_BODY = YES;
				CLANG_WARN_ENUM_CONVERSION = YES;
				CLANG_WARN_INFINITE_RECURSION = YES;
				CLANG_WARN_INT_CONVERSION = YES;
				CLANG_WARN_NON_LITERAL_NULL_CONVERSION = YES;
				CLANG_WARN_OBJC_IMPLICIT_RETAIN_SELF = YES;
				CLANG_WARN_OBJC_LITERAL_CONVERSION = YES;
				CLANG_WARN_OBJC_ROOT_CLASS = YES_ERROR;
				CLANG_WARN_QUOTED_INCLUDE_IN_FRAMEWORK_HEADER = YES;
				CLANG_WARN_RANGE_LOOP_ANALYSIS = YES;
				CLANG_WARN_STRICT_PROTOTYPES = YES;
				CLANG_WARN_SUSPICIOUS_MOVE = YES;
				CLANG_WARN_UNGUARDED_AVAILABILITY = YES_AGGRESSIVE;
				CLANG_WARN_UNREACHABLE_CODE = YES;
				CLANG_WARN__DUPLICATE_METHOD_MATCH = YES;
				COPY_PHASE_STRIP = NO;
				DEBUG_INFORMATION_FORMAT = dwarf;
				ENABLE_STRICT_OBJC_MSGSEND = YES;
				ENABLE_TESTABILITY = YES;
				GCC_C_LANGUAGE_STANDARD = gnu11;
				GCC_DYNAMIC_NO_PIC = NO;
				GCC_NO_COMMON_BLOCKS = YES;
				GCC_OPTIMIZATION_LEVEL = 0;
				GCC_PREPROCESSOR_DEFINITIONS = (
					"DEBUG=1",
					"$(inherited)",
				);
				GCC_WARN_64_TO_32_BIT_CONVERSION = YES;
				GCC_WARN_ABOUT_RETURN_TYPE = YES_ERROR;
				GCC_WARN_UNDECLARED_SELECTOR = YES;
				GCC_WARN_UNINITIALIZED_AUTOS = YES_AGGRESSIVE;
				GCC_WARN_UNUSED_FUNCTION = YES;
				GCC_WARN_UNUSED_VARIABLE = YES;
				IPHONEOS_DEPLOYMENT_TARGET = 14.3;
				MTL_ENABLE_DEBUG_INFO = INCLUDE_SOURCE;
				MTL_FAST_MATH = YES;
				ONLY_ACTIVE_ARCH = YES;
				SDKROOT = iphoneos;
				SWIFT_ACTIVE_COMPILATION_CONDITIONS = DEBUG;
				SWIFT_OPTIMIZATION_LEVEL = "-Onone";
			};
			name = Debug;
		};
		3362273825B8DB5600309F0D /* Release */ = {
			isa = XCBuildConfiguration;
			buildSettings = {
				ALWAYS_SEARCH_USER_PATHS = NO;
				CLANG_ANALYZER_NONNULL = YES;
				CLANG_ANALYZER_NUMBER_OBJECT_CONVERSION = YES_AGGRESSIVE;
				CLANG_CXX_LANGUAGE_STANDARD = "gnu++14";
				CLANG_CXX_LIBRARY = "libc++";
				CLANG_ENABLE_MODULES = YES;
				CLANG_ENABLE_OBJC_ARC = YES;
				CLANG_ENABLE_OBJC_WEAK = YES;
				CLANG_WARN_BLOCK_CAPTURE_AUTORELEASING = YES;
				CLANG_WARN_BOOL_CONVERSION = YES;
				CLANG_WARN_COMMA = YES;
				CLANG_WARN_CONSTANT_CONVERSION = YES;
				CLANG_WARN_DEPRECATED_OBJC_IMPLEMENTATIONS = YES;
				CLANG_WARN_DIRECT_OBJC_ISA_USAGE = YES_ERROR;
				CLANG_WARN_DOCUMENTATION_COMMENTS = YES;
				CLANG_WARN_EMPTY_BODY = YES;
				CLANG_WARN_ENUM_CONVERSION = YES;
				CLANG_WARN_INFINITE_RECURSION = YES;
				CLANG_WARN_INT_CONVERSION = YES;
				CLANG_WARN_NON_LITERAL_NULL_CONVERSION = YES;
				CLANG_WARN_OBJC_IMPLICIT_RETAIN_SELF = YES;
				CLANG_WARN_OBJC_LITERAL_CONVERSION = YES;
				CLANG_WARN_OBJC_ROOT_CLASS = YES_ERROR;
				CLANG_WARN_QUOTED_INCLUDE_IN_FRAMEWORK_HEADER = YES;
				CLANG_WARN_RANGE_LOOP_ANALYSIS = YES;
				CLANG_WARN_STRICT_PROTOTYPES = YES;
				CLANG_WARN_SUSPICIOUS_MOVE = YES;
				CLANG_WARN_UNGUARDED_AVAILABILITY = YES_AGGRESSIVE;
				CLANG_WARN_UNREACHABLE_CODE = YES;
				CLANG_WARN__DUPLICATE_METHOD_MATCH = YES;
				COPY_PHASE_STRIP = NO;
				DEBUG_INFORMATION_FORMAT = "dwarf-with-dsym";
				ENABLE_NS_ASSERTIONS = NO;
				ENABLE_STRICT_OBJC_MSGSEND = YES;
				GCC_C_LANGUAGE_STANDARD = gnu11;
				GCC_NO_COMMON_BLOCKS = YES;
				GCC_WARN_64_TO_32_BIT_CONVERSION = YES;
				GCC_WARN_ABOUT_RETURN_TYPE = YES_ERROR;
				GCC_WARN_UNDECLARED_SELECTOR = YES;
				GCC_WARN_UNINITIALIZED_AUTOS = YES_AGGRESSIVE;
				GCC_WARN_UNUSED_FUNCTION = YES;
				GCC_WARN_UNUSED_VARIABLE = YES;
				IPHONEOS_DEPLOYMENT_TARGET = 14.3;
				MTL_ENABLE_DEBUG_INFO = NO;
				MTL_FAST_MATH = YES;
				SDKROOT = iphoneos;
				SWIFT_COMPILATION_MODE = wholemodule;
				SWIFT_OPTIMIZATION_LEVEL = "-O";
				VALIDATE_PRODUCT = YES;
			};
			name = Release;
		};
		3362273A25B8DB5600309F0D /* Debug */ = {
			isa = XCBuildConfiguration;
			baseConfigurationReference = FF477B5C617FCB09A26E1B82 /* Pods-EventView.debug.xcconfig */;
			buildSettings = {
				ASSETCATALOG_COMPILER_APPICON_NAME = AppIcon;
				ASSETCATALOG_COMPILER_GLOBAL_ACCENT_COLOR_NAME = AccentColor;
				CODE_SIGN_STYLE = Automatic;
				DEVELOPMENT_TEAM = ANZUB2C757;
				INFOPLIST_FILE = EventView/Info.plist;
				LD_RUNPATH_SEARCH_PATHS = (
					"$(inherited)",
					"@executable_path/Frameworks",
				);
				PRODUCT_BUNDLE_IDENTIFIER = Ludovico.EventView;
				PRODUCT_NAME = "$(TARGET_NAME)";
				SWIFT_VERSION = 5.0;
				TARGETED_DEVICE_FAMILY = "1,2";
			};
			name = Debug;
		};
		3362273B25B8DB5600309F0D /* Release */ = {
			isa = XCBuildConfiguration;
			baseConfigurationReference = DF35BC9A8FF0E3FFC3C13635 /* Pods-EventView.release.xcconfig */;
			buildSettings = {
				ASSETCATALOG_COMPILER_APPICON_NAME = AppIcon;
				ASSETCATALOG_COMPILER_GLOBAL_ACCENT_COLOR_NAME = AccentColor;
				CODE_SIGN_STYLE = Automatic;
				DEVELOPMENT_TEAM = ANZUB2C757;
				INFOPLIST_FILE = EventView/Info.plist;
				LD_RUNPATH_SEARCH_PATHS = (
					"$(inherited)",
					"@executable_path/Frameworks",
				);
				PRODUCT_BUNDLE_IDENTIFIER = Ludovico.EventView;
				PRODUCT_NAME = "$(TARGET_NAME)";
				SWIFT_VERSION = 5.0;
				TARGETED_DEVICE_FAMILY = "1,2";
			};
			name = Release;
		};
/* End XCBuildConfiguration section */

/* Begin XCConfigurationList section */
		3362272025B8DB5400309F0D /* Build configuration list for PBXProject "EventView" */ = {
			isa = XCConfigurationList;
			buildConfigurations = (
				3362273725B8DB5600309F0D /* Debug */,
				3362273825B8DB5600309F0D /* Release */,
			);
			defaultConfigurationIsVisible = 0;
			defaultConfigurationName = Release;
		};
		3362273925B8DB5600309F0D /* Build configuration list for PBXNativeTarget "EventView" */ = {
			isa = XCConfigurationList;
			buildConfigurations = (
				3362273A25B8DB5600309F0D /* Debug */,
				3362273B25B8DB5600309F0D /* Release */,
			);
			defaultConfigurationIsVisible = 0;
			defaultConfigurationName = Release;
		};
/* End XCConfigurationList section */
	};
	rootObject = 3362271D25B8DB5400309F0D /* Project object */;
}
